
Microsoft Visual Studio Solution File, Format Version 12.00
# Visual Studio Version 16
VisualStudioVersion = 16.0.30204.135
MinimumVisualStudioVersion = 10.0.40219.1
Project("{8BC9CEB8-8B4A-11D0-8D11-00A0C91BC942}") = "cjjDemo", "cjjDemo.vcxproj", "{89D403ED-07D9-4E56-A9E0-E3F43B3C120D}"
EndProject
Global
	GlobalSection(SolutionConfigurationPlatforms) = preSolution
		Debug|x64 = Debug|x64
		Debug|x86 = Debug|x86
		Release|x64 = Release|x64
		Release|x86 = Release|x86
	EndGlobalSection
	GlobalSection(ProjectConfigurationPlatforms) = postSolution
		{89D403ED-07D9-4E56-A9E0-E3F43B3C120D}.Debug|x64.ActiveCfg = Debug|x64
		{89D403ED-07D9-4E56-A9E0-E3F43B3C120D}.Debug|x64.Build.0 = Debug|x64
		{89D403ED-07D9-4E56-A9E0-E3F43B3C120D}.Debug|x86.ActiveCfg = Debug|Win32
		{89D403ED-07D9-4E56-A9E0-E3F43B3C120D}.Debug|x86.Build.0 = Debug|Win32
		{89D403ED-07D9-4E56-A9E0-E3F43B3C120D}.Release|x64.ActiveCfg = Release|x64
		{89D403ED-07D9-4E56-A9E0-E3F43B3C120D}.Release|x64.Build.0 = Release|x64
		{89D403ED-07D9-4E56-A9E0-E3F43B3C120D}.Release|x86.ActiveCfg = Release|Win32
		{89D403ED-07D9-4E56-A9E0-E3F43B3C120D}.Release|x86.Build.0 = Release|Win32
	EndGlobalSection
	GlobalSection(SolutionProperties) = preSolution
		HideSolutionNode = FALSE
	EndGlobalSection
	GlobalSection(ExtensibilityGlobals) = postSolution
		SolutionGuid = {204A63F4-F7E4-4462-AE53-0AD3C767954F}
	EndGlobalSection
EndGlobal
