
Microsoft Visual Studio Solution File, Format Version 12.00
# Visual Studio Version 16
VisualStudioVersion = 16.0.30204.135
MinimumVisualStudioVersion = 10.0.40219.1
Project("{FAE04EC0-301F-11D3-BF4B-00C04F79EFBC}") = "FileWatcher", "FileWatcher\FileWatcher.csproj", "{3E0F3F39-98CE-476A-A4EB-3C24B568D572}"
EndProject
Project("{FAE04EC0-301F-11D3-BF4B-00C04F79EFBC}") = "AsyncDemo", "AsyncDemo\AsyncDemo.csproj", "{3A9D94FA-807D-4725-85CD-4A6C3EDFC729}"
EndProject
Project("{FAE04EC0-301F-11D3-BF4B-00C04F79EFBC}") = "LINQProgram", "LINQProgram\LINQProgram.csproj", "{4E06942D-DD65-4CE9-B2AD-8DA0C3236E33}"
EndProject
Project("{FAE04EC0-301F-11D3-BF4B-00C04F79EFBC}") = "EventHandlerProgram", "EventHandlerProgram\EventHandlerProgram.csproj", "{5D123449-DE42-490B-AC54-09E5073394D7}"
EndProject
Project("{FAE04EC0-301F-11D3-BF4B-00C04F79EFBC}") = "AsyncDemo2", "AsyncDemo2\AsyncDemo2.csproj", "{3035755C-6D0C-482E-BDA5-7083178D1745}"
EndProject
Project("{9A19103F-16F7-4668-BE54-9A1E7A4F7556}") = "UDPSocketDemo", "UDPSocketDemo\UDPSocketDemo.csproj", "{25FD7F46-B300-46C9-B8A1-B642C290B6DD}"
EndProject
Project("{9A19103F-16F7-4668-BE54-9A1E7A4F7556}") = "UDPSocketClientDemo", "UDPSocketClientDemo\UDPSocketClientDemo.csproj", "{E005F54E-91BA-4BF0-8F5B-1290C06F9D96}"
EndProject
Project("{FAE04EC0-301F-11D3-BF4B-00C04F79EFBC}") = "EnumDemo", "EnumDemo\EnumDemo.csproj", "{1453F575-7081-4E39-9ED5-6A81BBBB3C50}"
EndProject
Project("{FAE04EC0-301F-11D3-BF4B-00C04F79EFBC}") = "AsyncDemo3", "AsyncDemo3\AsyncDemo3.csproj", "{7BFB6F26-36EE-4873-B468-0358B937E899}"
EndProject
Project("{FAE04EC0-301F-11D3-BF4B-00C04F79EFBC}") = "AsyncDemo4", "AsyncDemo4\AsyncDemo4.csproj", "{FF6B0C1E-6122-4126-A352-ECEDCC24B0E8}"
EndProject
Project("{FAE04EC0-301F-11D3-BF4B-00C04F79EFBC}") = "ArrayApp", "ArrayApp\ArrayApp.csproj", "{122C3D17-E778-47E8-BB99-40833004434C}"
EndProject
Project("{FAE04EC0-301F-11D3-BF4B-00C04F79EFBC}") = "WpfTabControl", "WpfTabControl\WpfTabControl.csproj", "{934FF70F-3341-49C7-887A-637E48B1B9B5}"
EndProject
Project("{FAE04EC0-301F-11D3-BF4B-00C04F79EFBC}") = "FloatAnimation", "FloatAnimation\FloatAnimation.csproj", "{C6499161-6A57-481A-ADE1-4A715A7DB4B8}"
EndProject
Project("{FAE04EC0-301F-11D3-BF4B-00C04F79EFBC}") = "ActionDemo", "ActionDemo\ActionDemo.csproj", "{B32B3E57-1DBB-4115-9A9A-0E6B4DCC210F}"
EndProject
Project("{FAE04EC0-301F-11D3-BF4B-00C04F79EFBC}") = "PacketDemo", "PacketDemo\PacketDemo.csproj", "{BEA54752-7DD8-41B5-B1E9-CF0FA59968D4}"
EndProject
Project("{9A19103F-16F7-4668-BE54-9A1E7A4F7556}") = "SubStrDemo", "SubStrDemo\SubStrDemo.csproj", "{DBA2D184-5886-4D25-AEF0-B143842AA0E1}"
EndProject
Project("{FAE04EC0-301F-11D3-BF4B-00C04F79EFBC}") = "GenericDemo", "GenericDemo\GenericDemo.csproj", "{5CD6506C-B5E8-4C17-9F1D-9AADFC01AEA5}"
EndProject
Project("{FAE04EC0-301F-11D3-BF4B-00C04F79EFBC}") = "ExpressionDemo", "ExpressionDemo\ExpressionDemo.csproj", "{84B46D32-8337-4FC4-8FD5-F8C9A9F46E18}"
EndProject
Project("{FAE04EC0-301F-11D3-BF4B-00C04F79EFBC}") = "Value_ReferenceDemo", "Value_ReferenceDemo\Value_ReferenceDemo.csproj", "{C7411A08-F2DC-4BF0-A1B0-23B78F0D5C53}"
EndProject
Project("{FAE04EC0-301F-11D3-BF4B-00C04F79EFBC}") = "ReflectionDemo", "ReflectionDemo\ReflectionDemo.csproj", "{4DEF2794-1912-4494-894A-425F250F9F5C}"
EndProject
Project("{FAE04EC0-301F-11D3-BF4B-00C04F79EFBC}") = "StringDemo", "StringDemo\StringDemo.csproj", "{9EDCACA6-3A34-482A-A6F7-6307A169F589}"
EndProject
Project("{FAE04EC0-301F-11D3-BF4B-00C04F79EFBC}") = "DataTemlateDemo", "DataTemlateDemo\DataTemlateDemo.csproj", "{594F872A-D9A5-4A43-92E0-1027ACBBBCC9}"
EndProject
Project("{FAE04EC0-301F-11D3-BF4B-00C04F79EFBC}") = "CachingDmo", "CachingDmo\CachingDmo.csproj", "{9CF19C40-8F0F-46A5-8D9A-696899EE8EBB}"
EndProject
Project("{FAE04EC0-301F-11D3-BF4B-00C04F79EFBC}") = "CloneDemo", "CloneDemo\CloneDemo.csproj", "{F7A3BE62-B3B8-4159-A6ED-15731EEAFF94}"
EndProject
Project("{FAE04EC0-301F-11D3-BF4B-00C04F79EFBC}") = "RegexDemo", "RegexDemo\RegexDemo.csproj", "{DDBEC46B-FC2D-4017-B32B-2D9FF5BB60A6}"
EndProject
Project("{FAE04EC0-301F-11D3-BF4B-00C04F79EFBC}") = "DictionaryDemo", "DictionaryDemo\DictionaryDemo.csproj", "{AE3B53BC-5181-475D-A0B3-7E94A7127813}"
EndProject
Project("{FAE04EC0-301F-11D3-BF4B-00C04F79EFBC}") = "AsyncDemo5", "AsyncDemo5\AsyncDemo5.csproj", "{54EB3458-E8E2-4108-A10B-49D228DD31A7}"
EndProject
Project("{FAE04EC0-301F-11D3-BF4B-00C04F79EFBC}") = "AsyncDemo6", "AsyncDemo6\AsyncDemo6.csproj", "{0FF9B645-4E29-4A28-962C-F288FFA49BF2}"
EndProject
Project("{FAE04EC0-301F-11D3-BF4B-00C04F79EFBC}") = "ThreadingDemo", "ThreadingDemo\ThreadingDemo.csproj", "{6E2D185D-E424-4724-88E2-56F9478EC9F2}"
EndProject
Project("{FAE04EC0-301F-11D3-BF4B-00C04F79EFBC}") = "AsyncDemo7", "AsyncDemo7\AsyncDemo7.csproj", "{E19371EF-721F-4ACC-A26E-6020601D3301}"
EndProject
Project("{FAE04EC0-301F-11D3-BF4B-00C04F79EFBC}") = "PathDemo", "PathDemo\PathDemo.csproj", "{AE9F0D6C-3B4F-4486-9D8D-19CF9EB30636}"
EndProject
Project("{FAE04EC0-301F-11D3-BF4B-00C04F79EFBC}") = "ThreadPoolDemo", "ThreadPoolDemo\ThreadPoolDemo.csproj", "{A9ACF985-5067-46C1-9CF6-A3B559F9D425}"
EndProject
Project("{FAE04EC0-301F-11D3-BF4B-00C04F79EFBC}") = "FrmKeyboardHookDemo", "FrmKeyboardHookDemo\FrmKeyboardHookDemo.csproj", "{6F242016-87B2-450F-B41D-46AC4A91730E}"
EndProject
Project("{FAE04EC0-301F-11D3-BF4B-00C04F79EFBC}") = "RoutedEventDemo", "RoutedEventDemo\RoutedEventDemo.csproj", "{24E15B94-E4FF-4D84-B302-8F5CF3F9AAE8}"
EndProject
Project("{FAE04EC0-301F-11D3-BF4B-00C04F79EFBC}") = "EventArgsDemo", "EventArgsDemo\EventArgsDemo.csproj", "{00682ED2-8300-41C4-B4E4-148F7991409A}"
EndProject
Project("{FAE04EC0-301F-11D3-BF4B-00C04F79EFBC}") = "MediaDemo", "MediaDemo\MediaDemo.csproj", "{E0C502A9-2019-411E-BA07-D0A10C716925}"
EndProject
Project("{FAE04EC0-301F-11D3-BF4B-00C04F79EFBC}") = "CalibrunDemo", "CalibrunDemo\CalibrunDemo.csproj", "{0D0364B3-D70E-425E-B560-84CF801E9124}"
EndProject
Project("{FAE04EC0-301F-11D3-BF4B-00C04F79EFBC}") = "CollectionDemo", "CollectionDemo\CollectionDemo.csproj", "{C65E7D68-EA68-425A-B8F5-1689AE5C7907}"
EndProject
Project("{FAE04EC0-301F-11D3-BF4B-00C04F79EFBC}") = "ArrayDemo", "ArrayDemo\ArrayDemo.csproj", "{7867E1F1-66F4-48EB-80AF-BBC174681D05}"
EndProject
Project("{FAE04EC0-301F-11D3-BF4B-00C04F79EFBC}") = "AttributeDemo", "AttributeDemo\AttributeDemo.csproj", "{CD56C9D0-E0E0-4544-A5BC-B2733AB93703}"
EndProject
Project("{FAE04EC0-301F-11D3-BF4B-00C04F79EFBC}") = "StructDemo", "StructDemo\StructDemo.csproj", "{3933AFC5-7DFC-481D-B6D9-AED1F2011029}"
EndProject
Project("{FAE04EC0-301F-11D3-BF4B-00C04F79EFBC}") = "PolymorphismDemo", "PolymorphismDemo\PolymorphismDemo.csproj", "{F1CE9A17-ACA2-4D65-A1BA-B4DC691BEDAD}"
EndProject
Project("{FAE04EC0-301F-11D3-BF4B-00C04F79EFBC}") = "InterfaceDemo", "InterfaceDemo\InterfaceDemo.csproj", "{64B4DC74-62E6-460B-99F7-667895C423E3}"
EndProject
Project("{FAE04EC0-301F-11D3-BF4B-00C04F79EFBC}") = "NestedDemo", "NestedDemo\NestedDemo.csproj", "{4D3D6808-EBD6-48F0-8F2E-B42D2738C33E}"
EndProject
Project("{FAE04EC0-301F-11D3-BF4B-00C04F79EFBC}") = "ExtendeDemo", "ExtendeDemo\ExtendeDemo.csproj", "{29F70D2F-E3AB-4F37-A44E-127A6BAC31E9}"
EndProject
Project("{FAE04EC0-301F-11D3-BF4B-00C04F79EFBC}") = "QuestionMarkDemo", "QuestionMarkDemo\QuestionMarkDemo.csproj", "{A080A108-FC14-448E-A3B4-7E4C797B21DB}"
EndProject
Project("{FAE04EC0-301F-11D3-BF4B-00C04F79EFBC}") = "IndexerDemo", "IndexerDemo\IndexerDemo.csproj", "{8BA80234-A436-45A0-BA55-81DF2447C9FC}"
EndProject
Project("{FAE04EC0-301F-11D3-BF4B-00C04F79EFBC}") = "DecimalDemo", "DecimalDemo\DecimalDemo.csproj", "{33DE0E11-48B3-4C55-9CF8-FF8A7BFC3BC7}"
EndProject
Project("{FAE04EC0-301F-11D3-BF4B-00C04F79EFBC}") = "CommandDemo", "CommandDemo\CommandDemo.csproj", "{27C8A39C-504A-45F2-82A4-BB0F53676419}"
EndProject
Project("{FAE04EC0-301F-11D3-BF4B-00C04F79EFBC}") = "WpfApp4", "WpfApp4\WpfApp4.csproj", "{89575525-91DE-42C6-9EDB-9B52868E2369}"
EndProject
Project("{8BC9CEB8-8B4A-11D0-8D11-00A0C91BC942}") = "cjjDemo", "cjjDemo\cjjDemo.vcxproj", "{89D403ED-07D9-4E56-A9E0-E3F43B3C120D}"
EndProject
Global
	GlobalSection(SolutionConfigurationPlatforms) = preSolution
		Debug|Any CPU = Debug|Any CPU
		Debug|x64 = Debug|x64
		Debug|x86 = Debug|x86
		Release|Any CPU = Release|Any CPU
		Release|x64 = Release|x64
		Release|x86 = Release|x86
	EndGlobalSection
	GlobalSection(ProjectConfigurationPlatforms) = postSolution
		{3E0F3F39-98CE-476A-A4EB-3C24B568D572}.Debug|Any CPU.ActiveCfg = Debug|Any CPU
		{3E0F3F39-98CE-476A-A4EB-3C24B568D572}.Debug|Any CPU.Build.0 = Debug|Any CPU
		{3E0F3F39-98CE-476A-A4EB-3C24B568D572}.Debug|x64.ActiveCfg = Debug|Any CPU
		{3E0F3F39-98CE-476A-A4EB-3C24B568D572}.Debug|x64.Build.0 = Debug|Any CPU
		{3E0F3F39-98CE-476A-A4EB-3C24B568D572}.Debug|x86.ActiveCfg = Debug|Any CPU
		{3E0F3F39-98CE-476A-A4EB-3C24B568D572}.Debug|x86.Build.0 = Debug|Any CPU
		{3E0F3F39-98CE-476A-A4EB-3C24B568D572}.Release|Any CPU.ActiveCfg = Release|Any CPU
		{3E0F3F39-98CE-476A-A4EB-3C24B568D572}.Release|Any CPU.Build.0 = Release|Any CPU
		{3E0F3F39-98CE-476A-A4EB-3C24B568D572}.Release|x64.ActiveCfg = Release|Any CPU
		{3E0F3F39-98CE-476A-A4EB-3C24B568D572}.Release|x64.Build.0 = Release|Any CPU
		{3E0F3F39-98CE-476A-A4EB-3C24B568D572}.Release|x86.ActiveCfg = Release|Any CPU
		{3E0F3F39-98CE-476A-A4EB-3C24B568D572}.Release|x86.Build.0 = Release|Any CPU
		{3A9D94FA-807D-4725-85CD-4A6C3EDFC729}.Debug|Any CPU.ActiveCfg = Debug|Any CPU
		{3A9D94FA-807D-4725-85CD-4A6C3EDFC729}.Debug|Any CPU.Build.0 = Debug|Any CPU
		{3A9D94FA-807D-4725-85CD-4A6C3EDFC729}.Debug|x64.ActiveCfg = Debug|Any CPU
		{3A9D94FA-807D-4725-85CD-4A6C3EDFC729}.Debug|x64.Build.0 = Debug|Any CPU
		{3A9D94FA-807D-4725-85CD-4A6C3EDFC729}.Debug|x86.ActiveCfg = Debug|Any CPU
		{3A9D94FA-807D-4725-85CD-4A6C3EDFC729}.Debug|x86.Build.0 = Debug|Any CPU
		{3A9D94FA-807D-4725-85CD-4A6C3EDFC729}.Release|Any CPU.ActiveCfg = Release|Any CPU
		{3A9D94FA-807D-4725-85CD-4A6C3EDFC729}.Release|Any CPU.Build.0 = Release|Any CPU
		{3A9D94FA-807D-4725-85CD-4A6C3EDFC729}.Release|x64.ActiveCfg = Release|Any CPU
		{3A9D94FA-807D-4725-85CD-4A6C3EDFC729}.Release|x64.Build.0 = Release|Any CPU
		{3A9D94FA-807D-4725-85CD-4A6C3EDFC729}.Release|x86.ActiveCfg = Release|Any CPU
		{3A9D94FA-807D-4725-85CD-4A6C3EDFC729}.Release|x86.Build.0 = Release|Any CPU
		{4E06942D-DD65-4CE9-B2AD-8DA0C3236E33}.Debug|Any CPU.ActiveCfg = Debug|Any CPU
		{4E06942D-DD65-4CE9-B2AD-8DA0C3236E33}.Debug|Any CPU.Build.0 = Debug|Any CPU
		{4E06942D-DD65-4CE9-B2AD-8DA0C3236E33}.Debug|x64.ActiveCfg = Debug|Any CPU
		{4E06942D-DD65-4CE9-B2AD-8DA0C3236E33}.Debug|x64.Build.0 = Debug|Any CPU
		{4E06942D-DD65-4CE9-B2AD-8DA0C3236E33}.Debug|x86.ActiveCfg = Debug|Any CPU
		{4E06942D-DD65-4CE9-B2AD-8DA0C3236E33}.Debug|x86.Build.0 = Debug|Any CPU
		{4E06942D-DD65-4CE9-B2AD-8DA0C3236E33}.Release|Any CPU.ActiveCfg = Release|Any CPU
		{4E06942D-DD65-4CE9-B2AD-8DA0C3236E33}.Release|Any CPU.Build.0 = Release|Any CPU
		{4E06942D-DD65-4CE9-B2AD-8DA0C3236E33}.Release|x64.ActiveCfg = Release|Any CPU
		{4E06942D-DD65-4CE9-B2AD-8DA0C3236E33}.Release|x64.Build.0 = Release|Any CPU
		{4E06942D-DD65-4CE9-B2AD-8DA0C3236E33}.Release|x86.ActiveCfg = Release|Any CPU
		{4E06942D-DD65-4CE9-B2AD-8DA0C3236E33}.Release|x86.Build.0 = Release|Any CPU
		{5D123449-DE42-490B-AC54-09E5073394D7}.Debug|Any CPU.ActiveCfg = Debug|Any CPU
		{5D123449-DE42-490B-AC54-09E5073394D7}.Debug|Any CPU.Build.0 = Debug|Any CPU
		{5D123449-DE42-490B-AC54-09E5073394D7}.Debug|x64.ActiveCfg = Debug|Any CPU
		{5D123449-DE42-490B-AC54-09E5073394D7}.Debug|x64.Build.0 = Debug|Any CPU
		{5D123449-DE42-490B-AC54-09E5073394D7}.Debug|x86.ActiveCfg = Debug|Any CPU
		{5D123449-DE42-490B-AC54-09E5073394D7}.Debug|x86.Build.0 = Debug|Any CPU
		{5D123449-DE42-490B-AC54-09E5073394D7}.Release|Any CPU.ActiveCfg = Release|Any CPU
		{5D123449-DE42-490B-AC54-09E5073394D7}.Release|Any CPU.Build.0 = Release|Any CPU
		{5D123449-DE42-490B-AC54-09E5073394D7}.Release|x64.ActiveCfg = Release|Any CPU
		{5D123449-DE42-490B-AC54-09E5073394D7}.Release|x64.Build.0 = Release|Any CPU
		{5D123449-DE42-490B-AC54-09E5073394D7}.Release|x86.ActiveCfg = Release|Any CPU
		{5D123449-DE42-490B-AC54-09E5073394D7}.Release|x86.Build.0 = Release|Any CPU
		{3035755C-6D0C-482E-BDA5-7083178D1745}.Debug|Any CPU.ActiveCfg = Debug|Any CPU
		{3035755C-6D0C-482E-BDA5-7083178D1745}.Debug|Any CPU.Build.0 = Debug|Any CPU
		{3035755C-6D0C-482E-BDA5-7083178D1745}.Debug|x64.ActiveCfg = Debug|Any CPU
		{3035755C-6D0C-482E-BDA5-7083178D1745}.Debug|x64.Build.0 = Debug|Any CPU
		{3035755C-6D0C-482E-BDA5-7083178D1745}.Debug|x86.ActiveCfg = Debug|Any CPU
		{3035755C-6D0C-482E-BDA5-7083178D1745}.Debug|x86.Build.0 = Debug|Any CPU
		{3035755C-6D0C-482E-BDA5-7083178D1745}.Release|Any CPU.ActiveCfg = Release|Any CPU
		{3035755C-6D0C-482E-BDA5-7083178D1745}.Release|Any CPU.Build.0 = Release|Any CPU
		{3035755C-6D0C-482E-BDA5-7083178D1745}.Release|x64.ActiveCfg = Release|Any CPU
		{3035755C-6D0C-482E-BDA5-7083178D1745}.Release|x64.Build.0 = Release|Any CPU
		{3035755C-6D0C-482E-BDA5-7083178D1745}.Release|x86.ActiveCfg = Release|Any CPU
		{3035755C-6D0C-482E-BDA5-7083178D1745}.Release|x86.Build.0 = Release|Any CPU
		{25FD7F46-B300-46C9-B8A1-B642C290B6DD}.Debug|Any CPU.ActiveCfg = Debug|Any CPU
		{25FD7F46-B300-46C9-B8A1-B642C290B6DD}.Debug|Any CPU.Build.0 = Debug|Any CPU
		{25FD7F46-B300-46C9-B8A1-B642C290B6DD}.Debug|x64.ActiveCfg = Debug|Any CPU
		{25FD7F46-B300-46C9-B8A1-B642C290B6DD}.Debug|x64.Build.0 = Debug|Any CPU
		{25FD7F46-B300-46C9-B8A1-B642C290B6DD}.Debug|x86.ActiveCfg = Debug|Any CPU
		{25FD7F46-B300-46C9-B8A1-B642C290B6DD}.Debug|x86.Build.0 = Debug|Any CPU
		{25FD7F46-B300-46C9-B8A1-B642C290B6DD}.Release|Any CPU.ActiveCfg = Release|Any CPU
		{25FD7F46-B300-46C9-B8A1-B642C290B6DD}.Release|Any CPU.Build.0 = Release|Any CPU
		{25FD7F46-B300-46C9-B8A1-B642C290B6DD}.Release|x64.ActiveCfg = Release|Any CPU
		{25FD7F46-B300-46C9-B8A1-B642C290B6DD}.Release|x64.Build.0 = Release|Any CPU
		{25FD7F46-B300-46C9-B8A1-B642C290B6DD}.Release|x86.ActiveCfg = Release|Any CPU
		{25FD7F46-B300-46C9-B8A1-B642C290B6DD}.Release|x86.Build.0 = Release|Any CPU
		{E005F54E-91BA-4BF0-8F5B-1290C06F9D96}.Debug|Any CPU.ActiveCfg = Debug|Any CPU
		{E005F54E-91BA-4BF0-8F5B-1290C06F9D96}.Debug|Any CPU.Build.0 = Debug|Any CPU
		{E005F54E-91BA-4BF0-8F5B-1290C06F9D96}.Debug|x64.ActiveCfg = Debug|Any CPU
		{E005F54E-91BA-4BF0-8F5B-1290C06F9D96}.Debug|x64.Build.0 = Debug|Any CPU
		{E005F54E-91BA-4BF0-8F5B-1290C06F9D96}.Debug|x86.ActiveCfg = Debug|Any CPU
		{E005F54E-91BA-4BF0-8F5B-1290C06F9D96}.Debug|x86.Build.0 = Debug|Any CPU
		{E005F54E-91BA-4BF0-8F5B-1290C06F9D96}.Release|Any CPU.ActiveCfg = Release|Any CPU
		{E005F54E-91BA-4BF0-8F5B-1290C06F9D96}.Release|Any CPU.Build.0 = Release|Any CPU
		{E005F54E-91BA-4BF0-8F5B-1290C06F9D96}.Release|x64.ActiveCfg = Release|Any CPU
		{E005F54E-91BA-4BF0-8F5B-1290C06F9D96}.Release|x64.Build.0 = Release|Any CPU
		{E005F54E-91BA-4BF0-8F5B-1290C06F9D96}.Release|x86.ActiveCfg = Release|Any CPU
		{E005F54E-91BA-4BF0-8F5B-1290C06F9D96}.Release|x86.Build.0 = Release|Any CPU
		{1453F575-7081-4E39-9ED5-6A81BBBB3C50}.Debug|Any CPU.ActiveCfg = Debug|Any CPU
		{1453F575-7081-4E39-9ED5-6A81BBBB3C50}.Debug|Any CPU.Build.0 = Debug|Any CPU
		{1453F575-7081-4E39-9ED5-6A81BBBB3C50}.Debug|x64.ActiveCfg = Debug|Any CPU
		{1453F575-7081-4E39-9ED5-6A81BBBB3C50}.Debug|x64.Build.0 = Debug|Any CPU
		{1453F575-7081-4E39-9ED5-6A81BBBB3C50}.Debug|x86.ActiveCfg = Debug|Any CPU
		{1453F575-7081-4E39-9ED5-6A81BBBB3C50}.Debug|x86.Build.0 = Debug|Any CPU
		{1453F575-7081-4E39-9ED5-6A81BBBB3C50}.Release|Any CPU.ActiveCfg = Release|Any CPU
		{1453F575-7081-4E39-9ED5-6A81BBBB3C50}.Release|Any CPU.Build.0 = Release|Any CPU
		{1453F575-7081-4E39-9ED5-6A81BBBB3C50}.Release|x64.ActiveCfg = Release|Any CPU
		{1453F575-7081-4E39-9ED5-6A81BBBB3C50}.Release|x64.Build.0 = Release|Any CPU
		{1453F575-7081-4E39-9ED5-6A81BBBB3C50}.Release|x86.ActiveCfg = Release|Any CPU
		{1453F575-7081-4E39-9ED5-6A81BBBB3C50}.Release|x86.Build.0 = Release|Any CPU
		{7BFB6F26-36EE-4873-B468-0358B937E899}.Debug|Any CPU.ActiveCfg = Debug|Any CPU
		{7BFB6F26-36EE-4873-B468-0358B937E899}.Debug|Any CPU.Build.0 = Debug|Any CPU
		{7BFB6F26-36EE-4873-B468-0358B937E899}.Debug|x64.ActiveCfg = Debug|Any CPU
		{7BFB6F26-36EE-4873-B468-0358B937E899}.Debug|x64.Build.0 = Debug|Any CPU
		{7BFB6F26-36EE-4873-B468-0358B937E899}.Debug|x86.ActiveCfg = Debug|Any CPU
		{7BFB6F26-36EE-4873-B468-0358B937E899}.Debug|x86.Build.0 = Debug|Any CPU
		{7BFB6F26-36EE-4873-B468-0358B937E899}.Release|Any CPU.ActiveCfg = Release|Any CPU
		{7BFB6F26-36EE-4873-B468-0358B937E899}.Release|Any CPU.Build.0 = Release|Any CPU
		{7BFB6F26-36EE-4873-B468-0358B937E899}.Release|x64.ActiveCfg = Release|Any CPU
		{7BFB6F26-36EE-4873-B468-0358B937E899}.Release|x64.Build.0 = Release|Any CPU
		{7BFB6F26-36EE-4873-B468-0358B937E899}.Release|x86.ActiveCfg = Release|Any CPU
		{7BFB6F26-36EE-4873-B468-0358B937E899}.Release|x86.Build.0 = Release|Any CPU
		{FF6B0C1E-6122-4126-A352-ECEDCC24B0E8}.Debug|Any CPU.ActiveCfg = Debug|Any CPU
		{FF6B0C1E-6122-4126-A352-ECEDCC24B0E8}.Debug|Any CPU.Build.0 = Debug|Any CPU
		{FF6B0C1E-6122-4126-A352-ECEDCC24B0E8}.Debug|x64.ActiveCfg = Debug|Any CPU
		{FF6B0C1E-6122-4126-A352-ECEDCC24B0E8}.Debug|x64.Build.0 = Debug|Any CPU
		{FF6B0C1E-6122-4126-A352-ECEDCC24B0E8}.Debug|x86.ActiveCfg = Debug|Any CPU
		{FF6B0C1E-6122-4126-A352-ECEDCC24B0E8}.Debug|x86.Build.0 = Debug|Any CPU
		{FF6B0C1E-6122-4126-A352-ECEDCC24B0E8}.Release|Any CPU.ActiveCfg = Release|Any CPU
		{FF6B0C1E-6122-4126-A352-ECEDCC24B0E8}.Release|Any CPU.Build.0 = Release|Any CPU
		{FF6B0C1E-6122-4126-A352-ECEDCC24B0E8}.Release|x64.ActiveCfg = Release|Any CPU
		{FF6B0C1E-6122-4126-A352-ECEDCC24B0E8}.Release|x64.Build.0 = Release|Any CPU
		{FF6B0C1E-6122-4126-A352-ECEDCC24B0E8}.Release|x86.ActiveCfg = Release|Any CPU
		{FF6B0C1E-6122-4126-A352-ECEDCC24B0E8}.Release|x86.Build.0 = Release|Any CPU
		{122C3D17-E778-47E8-BB99-40833004434C}.Debug|Any CPU.ActiveCfg = Debug|Any CPU
		{122C3D17-E778-47E8-BB99-40833004434C}.Debug|Any CPU.Build.0 = Debug|Any CPU
		{122C3D17-E778-47E8-BB99-40833004434C}.Debug|x64.ActiveCfg = Debug|Any CPU
		{122C3D17-E778-47E8-BB99-40833004434C}.Debug|x64.Build.0 = Debug|Any CPU
		{122C3D17-E778-47E8-BB99-40833004434C}.Debug|x86.ActiveCfg = Debug|Any CPU
		{122C3D17-E778-47E8-BB99-40833004434C}.Debug|x86.Build.0 = Debug|Any CPU
		{122C3D17-E778-47E8-BB99-40833004434C}.Release|Any CPU.ActiveCfg = Release|Any CPU
		{122C3D17-E778-47E8-BB99-40833004434C}.Release|Any CPU.Build.0 = Release|Any CPU
		{122C3D17-E778-47E8-BB99-40833004434C}.Release|x64.ActiveCfg = Release|Any CPU
		{122C3D17-E778-47E8-BB99-40833004434C}.Release|x64.Build.0 = Release|Any CPU
		{122C3D17-E778-47E8-BB99-40833004434C}.Release|x86.ActiveCfg = Release|Any CPU
		{122C3D17-E778-47E8-BB99-40833004434C}.Release|x86.Build.0 = Release|Any CPU
		{934FF70F-3341-49C7-887A-637E48B1B9B5}.Debug|Any CPU.ActiveCfg = Debug|Any CPU
		{934FF70F-3341-49C7-887A-637E48B1B9B5}.Debug|Any CPU.Build.0 = Debug|Any CPU
		{934FF70F-3341-49C7-887A-637E48B1B9B5}.Debug|x64.ActiveCfg = Debug|Any CPU
		{934FF70F-3341-49C7-887A-637E48B1B9B5}.Debug|x64.Build.0 = Debug|Any CPU
		{934FF70F-3341-49C7-887A-637E48B1B9B5}.Debug|x86.ActiveCfg = Debug|Any CPU
		{934FF70F-3341-49C7-887A-637E48B1B9B5}.Debug|x86.Build.0 = Debug|Any CPU
		{934FF70F-3341-49C7-887A-637E48B1B9B5}.Release|Any CPU.ActiveCfg = Release|Any CPU
		{934FF70F-3341-49C7-887A-637E48B1B9B5}.Release|Any CPU.Build.0 = Release|Any CPU
		{934FF70F-3341-49C7-887A-637E48B1B9B5}.Release|x64.ActiveCfg = Release|Any CPU
		{934FF70F-3341-49C7-887A-637E48B1B9B5}.Release|x64.Build.0 = Release|Any CPU
		{934FF70F-3341-49C7-887A-637E48B1B9B5}.Release|x86.ActiveCfg = Release|Any CPU
		{934FF70F-3341-49C7-887A-637E48B1B9B5}.Release|x86.Build.0 = Release|Any CPU
		{C6499161-6A57-481A-ADE1-4A715A7DB4B8}.Debug|Any CPU.ActiveCfg = Debug|Any CPU
		{C6499161-6A57-481A-ADE1-4A715A7DB4B8}.Debug|Any CPU.Build.0 = Debug|Any CPU
		{C6499161-6A57-481A-ADE1-4A715A7DB4B8}.Debug|x64.ActiveCfg = Debug|Any CPU
		{C6499161-6A57-481A-ADE1-4A715A7DB4B8}.Debug|x64.Build.0 = Debug|Any CPU
		{C6499161-6A57-481A-ADE1-4A715A7DB4B8}.Debug|x86.ActiveCfg = Debug|Any CPU
		{C6499161-6A57-481A-ADE1-4A715A7DB4B8}.Debug|x86.Build.0 = Debug|Any CPU
		{C6499161-6A57-481A-ADE1-4A715A7DB4B8}.Release|Any CPU.ActiveCfg = Release|Any CPU
		{C6499161-6A57-481A-ADE1-4A715A7DB4B8}.Release|Any CPU.Build.0 = Release|Any CPU
		{C6499161-6A57-481A-ADE1-4A715A7DB4B8}.Release|x64.ActiveCfg = Release|Any CPU
		{C6499161-6A57-481A-ADE1-4A715A7DB4B8}.Release|x64.Build.0 = Release|Any CPU
		{C6499161-6A57-481A-ADE1-4A715A7DB4B8}.Release|x86.ActiveCfg = Release|Any CPU
		{C6499161-6A57-481A-ADE1-4A715A7DB4B8}.Release|x86.Build.0 = Release|Any CPU
		{B32B3E57-1DBB-4115-9A9A-0E6B4DCC210F}.Debug|Any CPU.ActiveCfg = Debug|Any CPU
		{B32B3E57-1DBB-4115-9A9A-0E6B4DCC210F}.Debug|Any CPU.Build.0 = Debug|Any CPU
		{B32B3E57-1DBB-4115-9A9A-0E6B4DCC210F}.Debug|x64.ActiveCfg = Debug|Any CPU
		{B32B3E57-1DBB-4115-9A9A-0E6B4DCC210F}.Debug|x64.Build.0 = Debug|Any CPU
		{B32B3E57-1DBB-4115-9A9A-0E6B4DCC210F}.Debug|x86.ActiveCfg = Debug|Any CPU
		{B32B3E57-1DBB-4115-9A9A-0E6B4DCC210F}.Debug|x86.Build.0 = Debug|Any CPU
		{B32B3E57-1DBB-4115-9A9A-0E6B4DCC210F}.Release|Any CPU.ActiveCfg = Release|Any CPU
		{B32B3E57-1DBB-4115-9A9A-0E6B4DCC210F}.Release|Any CPU.Build.0 = Release|Any CPU
		{B32B3E57-1DBB-4115-9A9A-0E6B4DCC210F}.Release|x64.ActiveCfg = Release|Any CPU
		{B32B3E57-1DBB-4115-9A9A-0E6B4DCC210F}.Release|x64.Build.0 = Release|Any CPU
		{B32B3E57-1DBB-4115-9A9A-0E6B4DCC210F}.Release|x86.ActiveCfg = Release|Any CPU
		{B32B3E57-1DBB-4115-9A9A-0E6B4DCC210F}.Release|x86.Build.0 = Release|Any CPU
		{BEA54752-7DD8-41B5-B1E9-CF0FA59968D4}.Debug|Any CPU.ActiveCfg = Debug|Any CPU
		{BEA54752-7DD8-41B5-B1E9-CF0FA59968D4}.Debug|Any CPU.Build.0 = Debug|Any CPU
		{BEA54752-7DD8-41B5-B1E9-CF0FA59968D4}.Debug|x64.ActiveCfg = Debug|Any CPU
		{BEA54752-7DD8-41B5-B1E9-CF0FA59968D4}.Debug|x64.Build.0 = Debug|Any CPU
		{BEA54752-7DD8-41B5-B1E9-CF0FA59968D4}.Debug|x86.ActiveCfg = Debug|Any CPU
		{BEA54752-7DD8-41B5-B1E9-CF0FA59968D4}.Debug|x86.Build.0 = Debug|Any CPU
		{BEA54752-7DD8-41B5-B1E9-CF0FA59968D4}.Release|Any CPU.ActiveCfg = Release|Any CPU
		{BEA54752-7DD8-41B5-B1E9-CF0FA59968D4}.Release|Any CPU.Build.0 = Release|Any CPU
		{BEA54752-7DD8-41B5-B1E9-CF0FA59968D4}.Release|x64.ActiveCfg = Release|Any CPU
		{BEA54752-7DD8-41B5-B1E9-CF0FA59968D4}.Release|x64.Build.0 = Release|Any CPU
		{BEA54752-7DD8-41B5-B1E9-CF0FA59968D4}.Release|x86.ActiveCfg = Release|Any CPU
		{BEA54752-7DD8-41B5-B1E9-CF0FA59968D4}.Release|x86.Build.0 = Release|Any CPU
		{DBA2D184-5886-4D25-AEF0-B143842AA0E1}.Debug|Any CPU.ActiveCfg = Debug|Any CPU
		{DBA2D184-5886-4D25-AEF0-B143842AA0E1}.Debug|Any CPU.Build.0 = Debug|Any CPU
		{DBA2D184-5886-4D25-AEF0-B143842AA0E1}.Debug|x64.ActiveCfg = Debug|Any CPU
		{DBA2D184-5886-4D25-AEF0-B143842AA0E1}.Debug|x64.Build.0 = Debug|Any CPU
		{DBA2D184-5886-4D25-AEF0-B143842AA0E1}.Debug|x86.ActiveCfg = Debug|Any CPU
		{DBA2D184-5886-4D25-AEF0-B143842AA0E1}.Debug|x86.Build.0 = Debug|Any CPU
		{DBA2D184-5886-4D25-AEF0-B143842AA0E1}.Release|Any CPU.ActiveCfg = Release|Any CPU
		{DBA2D184-5886-4D25-AEF0-B143842AA0E1}.Release|Any CPU.Build.0 = Release|Any CPU
		{DBA2D184-5886-4D25-AEF0-B143842AA0E1}.Release|x64.ActiveCfg = Release|Any CPU
		{DBA2D184-5886-4D25-AEF0-B143842AA0E1}.Release|x64.Build.0 = Release|Any CPU
		{DBA2D184-5886-4D25-AEF0-B143842AA0E1}.Release|x86.ActiveCfg = Release|Any CPU
		{DBA2D184-5886-4D25-AEF0-B143842AA0E1}.Release|x86.Build.0 = Release|Any CPU
		{5CD6506C-B5E8-4C17-9F1D-9AADFC01AEA5}.Debug|Any CPU.ActiveCfg = Debug|Any CPU
		{5CD6506C-B5E8-4C17-9F1D-9AADFC01AEA5}.Debug|Any CPU.Build.0 = Debug|Any CPU
		{5CD6506C-B5E8-4C17-9F1D-9AADFC01AEA5}.Debug|x64.ActiveCfg = Debug|Any CPU
		{5CD6506C-B5E8-4C17-9F1D-9AADFC01AEA5}.Debug|x64.Build.0 = Debug|Any CPU
		{5CD6506C-B5E8-4C17-9F1D-9AADFC01AEA5}.Debug|x86.ActiveCfg = Debug|Any CPU
		{5CD6506C-B5E8-4C17-9F1D-9AADFC01AEA5}.Debug|x86.Build.0 = Debug|Any CPU
		{5CD6506C-B5E8-4C17-9F1D-9AADFC01AEA5}.Release|Any CPU.ActiveCfg = Release|Any CPU
		{5CD6506C-B5E8-4C17-9F1D-9AADFC01AEA5}.Release|Any CPU.Build.0 = Release|Any CPU
		{5CD6506C-B5E8-4C17-9F1D-9AADFC01AEA5}.Release|x64.ActiveCfg = Release|Any CPU
		{5CD6506C-B5E8-4C17-9F1D-9AADFC01AEA5}.Release|x64.Build.0 = Release|Any CPU
		{5CD6506C-B5E8-4C17-9F1D-9AADFC01AEA5}.Release|x86.ActiveCfg = Release|Any CPU
		{5CD6506C-B5E8-4C17-9F1D-9AADFC01AEA5}.Release|x86.Build.0 = Release|Any CPU
		{84B46D32-8337-4FC4-8FD5-F8C9A9F46E18}.Debug|Any CPU.ActiveCfg = Debug|Any CPU
		{84B46D32-8337-4FC4-8FD5-F8C9A9F46E18}.Debug|Any CPU.Build.0 = Debug|Any CPU
		{84B46D32-8337-4FC4-8FD5-F8C9A9F46E18}.Debug|x64.ActiveCfg = Debug|Any CPU
		{84B46D32-8337-4FC4-8FD5-F8C9A9F46E18}.Debug|x64.Build.0 = Debug|Any CPU
		{84B46D32-8337-4FC4-8FD5-F8C9A9F46E18}.Debug|x86.ActiveCfg = Debug|Any CPU
		{84B46D32-8337-4FC4-8FD5-F8C9A9F46E18}.Debug|x86.Build.0 = Debug|Any CPU
		{84B46D32-8337-4FC4-8FD5-F8C9A9F46E18}.Release|Any CPU.ActiveCfg = Release|Any CPU
		{84B46D32-8337-4FC4-8FD5-F8C9A9F46E18}.Release|Any CPU.Build.0 = Release|Any CPU
		{84B46D32-8337-4FC4-8FD5-F8C9A9F46E18}.Release|x64.ActiveCfg = Release|Any CPU
		{84B46D32-8337-4FC4-8FD5-F8C9A9F46E18}.Release|x64.Build.0 = Release|Any CPU
		{84B46D32-8337-4FC4-8FD5-F8C9A9F46E18}.Release|x86.ActiveCfg = Release|Any CPU
		{84B46D32-8337-4FC4-8FD5-F8C9A9F46E18}.Release|x86.Build.0 = Release|Any CPU
		{C7411A08-F2DC-4BF0-A1B0-23B78F0D5C53}.Debug|Any CPU.ActiveCfg = Debug|Any CPU
		{C7411A08-F2DC-4BF0-A1B0-23B78F0D5C53}.Debug|Any CPU.Build.0 = Debug|Any CPU
		{C7411A08-F2DC-4BF0-A1B0-23B78F0D5C53}.Debug|x64.ActiveCfg = Debug|Any CPU
		{C7411A08-F2DC-4BF0-A1B0-23B78F0D5C53}.Debug|x64.Build.0 = Debug|Any CPU
		{C7411A08-F2DC-4BF0-A1B0-23B78F0D5C53}.Debug|x86.ActiveCfg = Debug|Any CPU
		{C7411A08-F2DC-4BF0-A1B0-23B78F0D5C53}.Debug|x86.Build.0 = Debug|Any CPU
		{C7411A08-F2DC-4BF0-A1B0-23B78F0D5C53}.Release|Any CPU.ActiveCfg = Release|Any CPU
		{C7411A08-F2DC-4BF0-A1B0-23B78F0D5C53}.Release|Any CPU.Build.0 = Release|Any CPU
		{C7411A08-F2DC-4BF0-A1B0-23B78F0D5C53}.Release|x64.ActiveCfg = Release|Any CPU
		{C7411A08-F2DC-4BF0-A1B0-23B78F0D5C53}.Release|x64.Build.0 = Release|Any CPU
		{C7411A08-F2DC-4BF0-A1B0-23B78F0D5C53}.Release|x86.ActiveCfg = Release|Any CPU
		{C7411A08-F2DC-4BF0-A1B0-23B78F0D5C53}.Release|x86.Build.0 = Release|Any CPU
		{4DEF2794-1912-4494-894A-425F250F9F5C}.Debug|Any CPU.ActiveCfg = Debug|Any CPU
		{4DEF2794-1912-4494-894A-425F250F9F5C}.Debug|Any CPU.Build.0 = Debug|Any CPU
		{4DEF2794-1912-4494-894A-425F250F9F5C}.Debug|x64.ActiveCfg = Debug|Any CPU
		{4DEF2794-1912-4494-894A-425F250F9F5C}.Debug|x64.Build.0 = Debug|Any CPU
		{4DEF2794-1912-4494-894A-425F250F9F5C}.Debug|x86.ActiveCfg = Debug|Any CPU
		{4DEF2794-1912-4494-894A-425F250F9F5C}.Debug|x86.Build.0 = Debug|Any CPU
		{4DEF2794-1912-4494-894A-425F250F9F5C}.Release|Any CPU.ActiveCfg = Release|Any CPU
		{4DEF2794-1912-4494-894A-425F250F9F5C}.Release|Any CPU.Build.0 = Release|Any CPU
		{4DEF2794-1912-4494-894A-425F250F9F5C}.Release|x64.ActiveCfg = Release|Any CPU
		{4DEF2794-1912-4494-894A-425F250F9F5C}.Release|x64.Build.0 = Release|Any CPU
		{4DEF2794-1912-4494-894A-425F250F9F5C}.Release|x86.ActiveCfg = Release|Any CPU
		{4DEF2794-1912-4494-894A-425F250F9F5C}.Release|x86.Build.0 = Release|Any CPU
		{9EDCACA6-3A34-482A-A6F7-6307A169F589}.Debug|Any CPU.ActiveCfg = Debug|Any CPU
		{9EDCACA6-3A34-482A-A6F7-6307A169F589}.Debug|Any CPU.Build.0 = Debug|Any CPU
		{9EDCACA6-3A34-482A-A6F7-6307A169F589}.Debug|x64.ActiveCfg = Debug|Any CPU
		{9EDCACA6-3A34-482A-A6F7-6307A169F589}.Debug|x64.Build.0 = Debug|Any CPU
		{9EDCACA6-3A34-482A-A6F7-6307A169F589}.Debug|x86.ActiveCfg = Debug|Any CPU
		{9EDCACA6-3A34-482A-A6F7-6307A169F589}.Debug|x86.Build.0 = Debug|Any CPU
		{9EDCACA6-3A34-482A-A6F7-6307A169F589}.Release|Any CPU.ActiveCfg = Release|Any CPU
		{9EDCACA6-3A34-482A-A6F7-6307A169F589}.Release|Any CPU.Build.0 = Release|Any CPU
		{9EDCACA6-3A34-482A-A6F7-6307A169F589}.Release|x64.ActiveCfg = Release|Any CPU
		{9EDCACA6-3A34-482A-A6F7-6307A169F589}.Release|x64.Build.0 = Release|Any CPU
		{9EDCACA6-3A34-482A-A6F7-6307A169F589}.Release|x86.ActiveCfg = Release|Any CPU
		{9EDCACA6-3A34-482A-A6F7-6307A169F589}.Release|x86.Build.0 = Release|Any CPU
		{594F872A-D9A5-4A43-92E0-1027ACBBBCC9}.Debug|Any CPU.ActiveCfg = Debug|Any CPU
		{594F872A-D9A5-4A43-92E0-1027ACBBBCC9}.Debug|Any CPU.Build.0 = Debug|Any CPU
		{594F872A-D9A5-4A43-92E0-1027ACBBBCC9}.Debug|x64.ActiveCfg = Debug|Any CPU
		{594F872A-D9A5-4A43-92E0-1027ACBBBCC9}.Debug|x64.Build.0 = Debug|Any CPU
		{594F872A-D9A5-4A43-92E0-1027ACBBBCC9}.Debug|x86.ActiveCfg = Debug|Any CPU
		{594F872A-D9A5-4A43-92E0-1027ACBBBCC9}.Debug|x86.Build.0 = Debug|Any CPU
		{594F872A-D9A5-4A43-92E0-1027ACBBBCC9}.Release|Any CPU.ActiveCfg = Release|Any CPU
		{594F872A-D9A5-4A43-92E0-1027ACBBBCC9}.Release|Any CPU.Build.0 = Release|Any CPU
		{594F872A-D9A5-4A43-92E0-1027ACBBBCC9}.Release|x64.ActiveCfg = Release|Any CPU
		{594F872A-D9A5-4A43-92E0-1027ACBBBCC9}.Release|x64.Build.0 = Release|Any CPU
		{594F872A-D9A5-4A43-92E0-1027ACBBBCC9}.Release|x86.ActiveCfg = Release|Any CPU
		{594F872A-D9A5-4A43-92E0-1027ACBBBCC9}.Release|x86.Build.0 = Release|Any CPU
		{9CF19C40-8F0F-46A5-8D9A-696899EE8EBB}.Debug|Any CPU.ActiveCfg = Debug|Any CPU
		{9CF19C40-8F0F-46A5-8D9A-696899EE8EBB}.Debug|Any CPU.Build.0 = Debug|Any CPU
		{9CF19C40-8F0F-46A5-8D9A-696899EE8EBB}.Debug|x64.ActiveCfg = Debug|Any CPU
		{9CF19C40-8F0F-46A5-8D9A-696899EE8EBB}.Debug|x64.Build.0 = Debug|Any CPU
		{9CF19C40-8F0F-46A5-8D9A-696899EE8EBB}.Debug|x86.ActiveCfg = Debug|Any CPU
		{9CF19C40-8F0F-46A5-8D9A-696899EE8EBB}.Debug|x86.Build.0 = Debug|Any CPU
		{9CF19C40-8F0F-46A5-8D9A-696899EE8EBB}.Release|Any CPU.ActiveCfg = Release|Any CPU
		{9CF19C40-8F0F-46A5-8D9A-696899EE8EBB}.Release|Any CPU.Build.0 = Release|Any CPU
		{9CF19C40-8F0F-46A5-8D9A-696899EE8EBB}.Release|x64.ActiveCfg = Release|Any CPU
		{9CF19C40-8F0F-46A5-8D9A-696899EE8EBB}.Release|x64.Build.0 = Release|Any CPU
		{9CF19C40-8F0F-46A5-8D9A-696899EE8EBB}.Release|x86.ActiveCfg = Release|Any CPU
		{9CF19C40-8F0F-46A5-8D9A-696899EE8EBB}.Release|x86.Build.0 = Release|Any CPU
		{F7A3BE62-B3B8-4159-A6ED-15731EEAFF94}.Debug|Any CPU.ActiveCfg = Debug|Any CPU
		{F7A3BE62-B3B8-4159-A6ED-15731EEAFF94}.Debug|Any CPU.Build.0 = Debug|Any CPU
		{F7A3BE62-B3B8-4159-A6ED-15731EEAFF94}.Debug|x64.ActiveCfg = Debug|Any CPU
		{F7A3BE62-B3B8-4159-A6ED-15731EEAFF94}.Debug|x64.Build.0 = Debug|Any CPU
		{F7A3BE62-B3B8-4159-A6ED-15731EEAFF94}.Debug|x86.ActiveCfg = Debug|Any CPU
		{F7A3BE62-B3B8-4159-A6ED-15731EEAFF94}.Debug|x86.Build.0 = Debug|Any CPU
		{F7A3BE62-B3B8-4159-A6ED-15731EEAFF94}.Release|Any CPU.ActiveCfg = Release|Any CPU
		{F7A3BE62-B3B8-4159-A6ED-15731EEAFF94}.Release|Any CPU.Build.0 = Release|Any CPU
		{F7A3BE62-B3B8-4159-A6ED-15731EEAFF94}.Release|x64.ActiveCfg = Release|Any CPU
		{F7A3BE62-B3B8-4159-A6ED-15731EEAFF94}.Release|x64.Build.0 = Release|Any CPU
		{F7A3BE62-B3B8-4159-A6ED-15731EEAFF94}.Release|x86.ActiveCfg = Release|Any CPU
		{F7A3BE62-B3B8-4159-A6ED-15731EEAFF94}.Release|x86.Build.0 = Release|Any CPU
		{DDBEC46B-FC2D-4017-B32B-2D9FF5BB60A6}.Debug|Any CPU.ActiveCfg = Debug|Any CPU
		{DDBEC46B-FC2D-4017-B32B-2D9FF5BB60A6}.Debug|Any CPU.Build.0 = Debug|Any CPU
		{DDBEC46B-FC2D-4017-B32B-2D9FF5BB60A6}.Debug|x64.ActiveCfg = Debug|Any CPU
		{DDBEC46B-FC2D-4017-B32B-2D9FF5BB60A6}.Debug|x64.Build.0 = Debug|Any CPU
		{DDBEC46B-FC2D-4017-B32B-2D9FF5BB60A6}.Debug|x86.ActiveCfg = Debug|Any CPU
		{DDBEC46B-FC2D-4017-B32B-2D9FF5BB60A6}.Debug|x86.Build.0 = Debug|Any CPU
		{DDBEC46B-FC2D-4017-B32B-2D9FF5BB60A6}.Release|Any CPU.ActiveCfg = Release|Any CPU
		{DDBEC46B-FC2D-4017-B32B-2D9FF5BB60A6}.Release|Any CPU.Build.0 = Release|Any CPU
		{DDBEC46B-FC2D-4017-B32B-2D9FF5BB60A6}.Release|x64.ActiveCfg = Release|Any CPU
		{DDBEC46B-FC2D-4017-B32B-2D9FF5BB60A6}.Release|x64.Build.0 = Release|Any CPU
		{DDBEC46B-FC2D-4017-B32B-2D9FF5BB60A6}.Release|x86.ActiveCfg = Release|Any CPU
		{DDBEC46B-FC2D-4017-B32B-2D9FF5BB60A6}.Release|x86.Build.0 = Release|Any CPU
		{AE3B53BC-5181-475D-A0B3-7E94A7127813}.Debug|Any CPU.ActiveCfg = Debug|Any CPU
		{AE3B53BC-5181-475D-A0B3-7E94A7127813}.Debug|Any CPU.Build.0 = Debug|Any CPU
		{AE3B53BC-5181-475D-A0B3-7E94A7127813}.Debug|x64.ActiveCfg = Debug|Any CPU
		{AE3B53BC-5181-475D-A0B3-7E94A7127813}.Debug|x64.Build.0 = Debug|Any CPU
		{AE3B53BC-5181-475D-A0B3-7E94A7127813}.Debug|x86.ActiveCfg = Debug|Any CPU
		{AE3B53BC-5181-475D-A0B3-7E94A7127813}.Debug|x86.Build.0 = Debug|Any CPU
		{AE3B53BC-5181-475D-A0B3-7E94A7127813}.Release|Any CPU.ActiveCfg = Release|Any CPU
		{AE3B53BC-5181-475D-A0B3-7E94A7127813}.Release|Any CPU.Build.0 = Release|Any CPU
		{AE3B53BC-5181-475D-A0B3-7E94A7127813}.Release|x64.ActiveCfg = Release|Any CPU
		{AE3B53BC-5181-475D-A0B3-7E94A7127813}.Release|x64.Build.0 = Release|Any CPU
		{AE3B53BC-5181-475D-A0B3-7E94A7127813}.Release|x86.ActiveCfg = Release|Any CPU
		{AE3B53BC-5181-475D-A0B3-7E94A7127813}.Release|x86.Build.0 = Release|Any CPU
		{54EB3458-E8E2-4108-A10B-49D228DD31A7}.Debug|Any CPU.ActiveCfg = Debug|Any CPU
		{54EB3458-E8E2-4108-A10B-49D228DD31A7}.Debug|Any CPU.Build.0 = Debug|Any CPU
		{54EB3458-E8E2-4108-A10B-49D228DD31A7}.Debug|x64.ActiveCfg = Debug|Any CPU
		{54EB3458-E8E2-4108-A10B-49D228DD31A7}.Debug|x64.Build.0 = Debug|Any CPU
		{54EB3458-E8E2-4108-A10B-49D228DD31A7}.Debug|x86.ActiveCfg = Debug|Any CPU
		{54EB3458-E8E2-4108-A10B-49D228DD31A7}.Debug|x86.Build.0 = Debug|Any CPU
		{54EB3458-E8E2-4108-A10B-49D228DD31A7}.Release|Any CPU.ActiveCfg = Release|Any CPU
		{54EB3458-E8E2-4108-A10B-49D228DD31A7}.Release|Any CPU.Build.0 = Release|Any CPU
		{54EB3458-E8E2-4108-A10B-49D228DD31A7}.Release|x64.ActiveCfg = Release|Any CPU
		{54EB3458-E8E2-4108-A10B-49D228DD31A7}.Release|x64.Build.0 = Release|Any CPU
		{54EB3458-E8E2-4108-A10B-49D228DD31A7}.Release|x86.ActiveCfg = Release|Any CPU
		{54EB3458-E8E2-4108-A10B-49D228DD31A7}.Release|x86.Build.0 = Release|Any CPU
		{0FF9B645-4E29-4A28-962C-F288FFA49BF2}.Debug|Any CPU.ActiveCfg = Debug|Any CPU
		{0FF9B645-4E29-4A28-962C-F288FFA49BF2}.Debug|Any CPU.Build.0 = Debug|Any CPU
		{0FF9B645-4E29-4A28-962C-F288FFA49BF2}.Debug|x64.ActiveCfg = Debug|Any CPU
		{0FF9B645-4E29-4A28-962C-F288FFA49BF2}.Debug|x64.Build.0 = Debug|Any CPU
		{0FF9B645-4E29-4A28-962C-F288FFA49BF2}.Debug|x86.ActiveCfg = Debug|Any CPU
		{0FF9B645-4E29-4A28-962C-F288FFA49BF2}.Debug|x86.Build.0 = Debug|Any CPU
		{0FF9B645-4E29-4A28-962C-F288FFA49BF2}.Release|Any CPU.ActiveCfg = Release|Any CPU
		{0FF9B645-4E29-4A28-962C-F288FFA49BF2}.Release|Any CPU.Build.0 = Release|Any CPU
		{0FF9B645-4E29-4A28-962C-F288FFA49BF2}.Release|x64.ActiveCfg = Release|Any CPU
		{0FF9B645-4E29-4A28-962C-F288FFA49BF2}.Release|x64.Build.0 = Release|Any CPU
		{0FF9B645-4E29-4A28-962C-F288FFA49BF2}.Release|x86.ActiveCfg = Release|Any CPU
		{0FF9B645-4E29-4A28-962C-F288FFA49BF2}.Release|x86.Build.0 = Release|Any CPU
		{6E2D185D-E424-4724-88E2-56F9478EC9F2}.Debug|Any CPU.ActiveCfg = Debug|Any CPU
		{6E2D185D-E424-4724-88E2-56F9478EC9F2}.Debug|Any CPU.Build.0 = Debug|Any CPU
		{6E2D185D-E424-4724-88E2-56F9478EC9F2}.Debug|x64.ActiveCfg = Debug|Any CPU
		{6E2D185D-E424-4724-88E2-56F9478EC9F2}.Debug|x64.Build.0 = Debug|Any CPU
		{6E2D185D-E424-4724-88E2-56F9478EC9F2}.Debug|x86.ActiveCfg = Debug|Any CPU
		{6E2D185D-E424-4724-88E2-56F9478EC9F2}.Debug|x86.Build.0 = Debug|Any CPU
		{6E2D185D-E424-4724-88E2-56F9478EC9F2}.Release|Any CPU.ActiveCfg = Release|Any CPU
		{6E2D185D-E424-4724-88E2-56F9478EC9F2}.Release|Any CPU.Build.0 = Release|Any CPU
		{6E2D185D-E424-4724-88E2-56F9478EC9F2}.Release|x64.ActiveCfg = Release|Any CPU
		{6E2D185D-E424-4724-88E2-56F9478EC9F2}.Release|x64.Build.0 = Release|Any CPU
		{6E2D185D-E424-4724-88E2-56F9478EC9F2}.Release|x86.ActiveCfg = Release|Any CPU
		{6E2D185D-E424-4724-88E2-56F9478EC9F2}.Release|x86.Build.0 = Release|Any CPU
		{E19371EF-721F-4ACC-A26E-6020601D3301}.Debug|Any CPU.ActiveCfg = Debug|Any CPU
		{E19371EF-721F-4ACC-A26E-6020601D3301}.Debug|Any CPU.Build.0 = Debug|Any CPU
		{E19371EF-721F-4ACC-A26E-6020601D3301}.Debug|x64.ActiveCfg = Debug|Any CPU
		{E19371EF-721F-4ACC-A26E-6020601D3301}.Debug|x64.Build.0 = Debug|Any CPU
		{E19371EF-721F-4ACC-A26E-6020601D3301}.Debug|x86.ActiveCfg = Debug|Any CPU
		{E19371EF-721F-4ACC-A26E-6020601D3301}.Debug|x86.Build.0 = Debug|Any CPU
		{E19371EF-721F-4ACC-A26E-6020601D3301}.Release|Any CPU.ActiveCfg = Release|Any CPU
		{E19371EF-721F-4ACC-A26E-6020601D3301}.Release|Any CPU.Build.0 = Release|Any CPU
		{E19371EF-721F-4ACC-A26E-6020601D3301}.Release|x64.ActiveCfg = Release|Any CPU
		{E19371EF-721F-4ACC-A26E-6020601D3301}.Release|x64.Build.0 = Release|Any CPU
		{E19371EF-721F-4ACC-A26E-6020601D3301}.Release|x86.ActiveCfg = Release|Any CPU
		{E19371EF-721F-4ACC-A26E-6020601D3301}.Release|x86.Build.0 = Release|Any CPU
		{AE9F0D6C-3B4F-4486-9D8D-19CF9EB30636}.Debug|Any CPU.ActiveCfg = Debug|Any CPU
		{AE9F0D6C-3B4F-4486-9D8D-19CF9EB30636}.Debug|Any CPU.Build.0 = Debug|Any CPU
		{AE9F0D6C-3B4F-4486-9D8D-19CF9EB30636}.Debug|x64.ActiveCfg = Debug|Any CPU
		{AE9F0D6C-3B4F-4486-9D8D-19CF9EB30636}.Debug|x64.Build.0 = Debug|Any CPU
		{AE9F0D6C-3B4F-4486-9D8D-19CF9EB30636}.Debug|x86.ActiveCfg = Debug|Any CPU
		{AE9F0D6C-3B4F-4486-9D8D-19CF9EB30636}.Debug|x86.Build.0 = Debug|Any CPU
		{AE9F0D6C-3B4F-4486-9D8D-19CF9EB30636}.Release|Any CPU.ActiveCfg = Release|Any CPU
		{AE9F0D6C-3B4F-4486-9D8D-19CF9EB30636}.Release|Any CPU.Build.0 = Release|Any CPU
		{AE9F0D6C-3B4F-4486-9D8D-19CF9EB30636}.Release|x64.ActiveCfg = Release|Any CPU
		{AE9F0D6C-3B4F-4486-9D8D-19CF9EB30636}.Release|x64.Build.0 = Release|Any CPU
		{AE9F0D6C-3B4F-4486-9D8D-19CF9EB30636}.Release|x86.ActiveCfg = Release|Any CPU
		{AE9F0D6C-3B4F-4486-9D8D-19CF9EB30636}.Release|x86.Build.0 = Release|Any CPU
		{A9ACF985-5067-46C1-9CF6-A3B559F9D425}.Debug|Any CPU.ActiveCfg = Debug|Any CPU
		{A9ACF985-5067-46C1-9CF6-A3B559F9D425}.Debug|Any CPU.Build.0 = Debug|Any CPU
		{A9ACF985-5067-46C1-9CF6-A3B559F9D425}.Debug|x64.ActiveCfg = Debug|Any CPU
		{A9ACF985-5067-46C1-9CF6-A3B559F9D425}.Debug|x64.Build.0 = Debug|Any CPU
		{A9ACF985-5067-46C1-9CF6-A3B559F9D425}.Debug|x86.ActiveCfg = Debug|Any CPU
		{A9ACF985-5067-46C1-9CF6-A3B559F9D425}.Debug|x86.Build.0 = Debug|Any CPU
		{A9ACF985-5067-46C1-9CF6-A3B559F9D425}.Release|Any CPU.ActiveCfg = Release|Any CPU
		{A9ACF985-5067-46C1-9CF6-A3B559F9D425}.Release|Any CPU.Build.0 = Release|Any CPU
		{A9ACF985-5067-46C1-9CF6-A3B559F9D425}.Release|x64.ActiveCfg = Release|Any CPU
		{A9ACF985-5067-46C1-9CF6-A3B559F9D425}.Release|x64.Build.0 = Release|Any CPU
		{A9ACF985-5067-46C1-9CF6-A3B559F9D425}.Release|x86.ActiveCfg = Release|Any CPU
		{A9ACF985-5067-46C1-9CF6-A3B559F9D425}.Release|x86.Build.0 = Release|Any CPU
		{6F242016-87B2-450F-B41D-46AC4A91730E}.Debug|Any CPU.ActiveCfg = Debug|Any CPU
		{6F242016-87B2-450F-B41D-46AC4A91730E}.Debug|Any CPU.Build.0 = Debug|Any CPU
		{6F242016-87B2-450F-B41D-46AC4A91730E}.Debug|x64.ActiveCfg = Debug|Any CPU
		{6F242016-87B2-450F-B41D-46AC4A91730E}.Debug|x64.Build.0 = Debug|Any CPU
		{6F242016-87B2-450F-B41D-46AC4A91730E}.Debug|x86.ActiveCfg = Debug|Any CPU
		{6F242016-87B2-450F-B41D-46AC4A91730E}.Debug|x86.Build.0 = Debug|Any CPU
		{6F242016-87B2-450F-B41D-46AC4A91730E}.Release|Any CPU.ActiveCfg = Release|Any CPU
		{6F242016-87B2-450F-B41D-46AC4A91730E}.Release|Any CPU.Build.0 = Release|Any CPU
		{6F242016-87B2-450F-B41D-46AC4A91730E}.Release|x64.ActiveCfg = Release|Any CPU
		{6F242016-87B2-450F-B41D-46AC4A91730E}.Release|x64.Build.0 = Release|Any CPU
		{6F242016-87B2-450F-B41D-46AC4A91730E}.Release|x86.ActiveCfg = Release|Any CPU
		{6F242016-87B2-450F-B41D-46AC4A91730E}.Release|x86.Build.0 = Release|Any CPU
		{24E15B94-E4FF-4D84-B302-8F5CF3F9AAE8}.Debug|Any CPU.ActiveCfg = Debug|Any CPU
		{24E15B94-E4FF-4D84-B302-8F5CF3F9AAE8}.Debug|Any CPU.Build.0 = Debug|Any CPU
		{24E15B94-E4FF-4D84-B302-8F5CF3F9AAE8}.Debug|x64.ActiveCfg = Debug|Any CPU
		{24E15B94-E4FF-4D84-B302-8F5CF3F9AAE8}.Debug|x64.Build.0 = Debug|Any CPU
		{24E15B94-E4FF-4D84-B302-8F5CF3F9AAE8}.Debug|x86.ActiveCfg = Debug|Any CPU
		{24E15B94-E4FF-4D84-B302-8F5CF3F9AAE8}.Debug|x86.Build.0 = Debug|Any CPU
		{24E15B94-E4FF-4D84-B302-8F5CF3F9AAE8}.Release|Any CPU.ActiveCfg = Release|Any CPU
		{24E15B94-E4FF-4D84-B302-8F5CF3F9AAE8}.Release|Any CPU.Build.0 = Release|Any CPU
		{24E15B94-E4FF-4D84-B302-8F5CF3F9AAE8}.Release|x64.ActiveCfg = Release|Any CPU
		{24E15B94-E4FF-4D84-B302-8F5CF3F9AAE8}.Release|x64.Build.0 = Release|Any CPU
		{24E15B94-E4FF-4D84-B302-8F5CF3F9AAE8}.Release|x86.ActiveCfg = Release|Any CPU
		{24E15B94-E4FF-4D84-B302-8F5CF3F9AAE8}.Release|x86.Build.0 = Release|Any CPU
		{00682ED2-8300-41C4-B4E4-148F7991409A}.Debug|Any CPU.ActiveCfg = Debug|Any CPU
		{00682ED2-8300-41C4-B4E4-148F7991409A}.Debug|Any CPU.Build.0 = Debug|Any CPU
		{00682ED2-8300-41C4-B4E4-148F7991409A}.Debug|x64.ActiveCfg = Debug|Any CPU
		{00682ED2-8300-41C4-B4E4-148F7991409A}.Debug|x64.Build.0 = Debug|Any CPU
		{00682ED2-8300-41C4-B4E4-148F7991409A}.Debug|x86.ActiveCfg = Debug|Any CPU
		{00682ED2-8300-41C4-B4E4-148F7991409A}.Debug|x86.Build.0 = Debug|Any CPU
		{00682ED2-8300-41C4-B4E4-148F7991409A}.Release|Any CPU.ActiveCfg = Release|Any CPU
		{00682ED2-8300-41C4-B4E4-148F7991409A}.Release|Any CPU.Build.0 = Release|Any CPU
		{00682ED2-8300-41C4-B4E4-148F7991409A}.Release|x64.ActiveCfg = Release|Any CPU
		{00682ED2-8300-41C4-B4E4-148F7991409A}.Release|x64.Build.0 = Release|Any CPU
		{00682ED2-8300-41C4-B4E4-148F7991409A}.Release|x86.ActiveCfg = Release|Any CPU
		{00682ED2-8300-41C4-B4E4-148F7991409A}.Release|x86.Build.0 = Release|Any CPU
		{E0C502A9-2019-411E-BA07-D0A10C716925}.Debug|Any CPU.ActiveCfg = Debug|Any CPU
		{E0C502A9-2019-411E-BA07-D0A10C716925}.Debug|Any CPU.Build.0 = Debug|Any CPU
		{E0C502A9-2019-411E-BA07-D0A10C716925}.Debug|x64.ActiveCfg = Debug|Any CPU
		{E0C502A9-2019-411E-BA07-D0A10C716925}.Debug|x64.Build.0 = Debug|Any CPU
		{E0C502A9-2019-411E-BA07-D0A10C716925}.Debug|x86.ActiveCfg = Debug|Any CPU
		{E0C502A9-2019-411E-BA07-D0A10C716925}.Debug|x86.Build.0 = Debug|Any CPU
		{E0C502A9-2019-411E-BA07-D0A10C716925}.Release|Any CPU.ActiveCfg = Release|Any CPU
		{E0C502A9-2019-411E-BA07-D0A10C716925}.Release|Any CPU.Build.0 = Release|Any CPU
		{E0C502A9-2019-411E-BA07-D0A10C716925}.Release|x64.ActiveCfg = Release|Any CPU
		{E0C502A9-2019-411E-BA07-D0A10C716925}.Release|x64.Build.0 = Release|Any CPU
		{E0C502A9-2019-411E-BA07-D0A10C716925}.Release|x86.ActiveCfg = Release|Any CPU
		{E0C502A9-2019-411E-BA07-D0A10C716925}.Release|x86.Build.0 = Release|Any CPU
		{0D0364B3-D70E-425E-B560-84CF801E9124}.Debug|Any CPU.ActiveCfg = Debug|Any CPU
		{0D0364B3-D70E-425E-B560-84CF801E9124}.Debug|Any CPU.Build.0 = Debug|Any CPU
		{0D0364B3-D70E-425E-B560-84CF801E9124}.Debug|x64.ActiveCfg = Debug|Any CPU
		{0D0364B3-D70E-425E-B560-84CF801E9124}.Debug|x64.Build.0 = Debug|Any CPU
		{0D0364B3-D70E-425E-B560-84CF801E9124}.Debug|x86.ActiveCfg = Debug|Any CPU
		{0D0364B3-D70E-425E-B560-84CF801E9124}.Debug|x86.Build.0 = Debug|Any CPU
		{0D0364B3-D70E-425E-B560-84CF801E9124}.Release|Any CPU.ActiveCfg = Release|Any CPU
		{0D0364B3-D70E-425E-B560-84CF801E9124}.Release|Any CPU.Build.0 = Release|Any CPU
		{0D0364B3-D70E-425E-B560-84CF801E9124}.Release|x64.ActiveCfg = Release|Any CPU
		{0D0364B3-D70E-425E-B560-84CF801E9124}.Release|x64.Build.0 = Release|Any CPU
		{0D0364B3-D70E-425E-B560-84CF801E9124}.Release|x86.ActiveCfg = Release|Any CPU
		{0D0364B3-D70E-425E-B560-84CF801E9124}.Release|x86.Build.0 = Release|Any CPU
		{C65E7D68-EA68-425A-B8F5-1689AE5C7907}.Debug|Any CPU.ActiveCfg = Debug|Any CPU
		{C65E7D68-EA68-425A-B8F5-1689AE5C7907}.Debug|Any CPU.Build.0 = Debug|Any CPU
		{C65E7D68-EA68-425A-B8F5-1689AE5C7907}.Debug|x64.ActiveCfg = Debug|Any CPU
		{C65E7D68-EA68-425A-B8F5-1689AE5C7907}.Debug|x64.Build.0 = Debug|Any CPU
		{C65E7D68-EA68-425A-B8F5-1689AE5C7907}.Debug|x86.ActiveCfg = Debug|Any CPU
		{C65E7D68-EA68-425A-B8F5-1689AE5C7907}.Debug|x86.Build.0 = Debug|Any CPU
		{C65E7D68-EA68-425A-B8F5-1689AE5C7907}.Release|Any CPU.ActiveCfg = Release|Any CPU
		{C65E7D68-EA68-425A-B8F5-1689AE5C7907}.Release|Any CPU.Build.0 = Release|Any CPU
		{C65E7D68-EA68-425A-B8F5-1689AE5C7907}.Release|x64.ActiveCfg = Release|Any CPU
		{C65E7D68-EA68-425A-B8F5-1689AE5C7907}.Release|x64.Build.0 = Release|Any CPU
		{C65E7D68-EA68-425A-B8F5-1689AE5C7907}.Release|x86.ActiveCfg = Release|Any CPU
		{C65E7D68-EA68-425A-B8F5-1689AE5C7907}.Release|x86.Build.0 = Release|Any CPU
		{7867E1F1-66F4-48EB-80AF-BBC174681D05}.Debug|Any CPU.ActiveCfg = Debug|Any CPU
		{7867E1F1-66F4-48EB-80AF-BBC174681D05}.Debug|Any CPU.Build.0 = Debug|Any CPU
		{7867E1F1-66F4-48EB-80AF-BBC174681D05}.Debug|x64.ActiveCfg = Debug|Any CPU
		{7867E1F1-66F4-48EB-80AF-BBC174681D05}.Debug|x64.Build.0 = Debug|Any CPU
		{7867E1F1-66F4-48EB-80AF-BBC174681D05}.Debug|x86.ActiveCfg = Debug|Any CPU
		{7867E1F1-66F4-48EB-80AF-BBC174681D05}.Debug|x86.Build.0 = Debug|Any CPU
		{7867E1F1-66F4-48EB-80AF-BBC174681D05}.Release|Any CPU.ActiveCfg = Release|Any CPU
		{7867E1F1-66F4-48EB-80AF-BBC174681D05}.Release|Any CPU.Build.0 = Release|Any CPU
		{7867E1F1-66F4-48EB-80AF-BBC174681D05}.Release|x64.ActiveCfg = Release|Any CPU
		{7867E1F1-66F4-48EB-80AF-BBC174681D05}.Release|x64.Build.0 = Release|Any CPU
		{7867E1F1-66F4-48EB-80AF-BBC174681D05}.Release|x86.ActiveCfg = Release|Any CPU
		{7867E1F1-66F4-48EB-80AF-BBC174681D05}.Release|x86.Build.0 = Release|Any CPU
		{CD56C9D0-E0E0-4544-A5BC-B2733AB93703}.Debug|Any CPU.ActiveCfg = Debug|Any CPU
		{CD56C9D0-E0E0-4544-A5BC-B2733AB93703}.Debug|Any CPU.Build.0 = Debug|Any CPU
		{CD56C9D0-E0E0-4544-A5BC-B2733AB93703}.Debug|x64.ActiveCfg = Debug|Any CPU
		{CD56C9D0-E0E0-4544-A5BC-B2733AB93703}.Debug|x64.Build.0 = Debug|Any CPU
		{CD56C9D0-E0E0-4544-A5BC-B2733AB93703}.Debug|x86.ActiveCfg = Debug|Any CPU
		{CD56C9D0-E0E0-4544-A5BC-B2733AB93703}.Debug|x86.Build.0 = Debug|Any CPU
		{CD56C9D0-E0E0-4544-A5BC-B2733AB93703}.Release|Any CPU.ActiveCfg = Release|Any CPU
		{CD56C9D0-E0E0-4544-A5BC-B2733AB93703}.Release|Any CPU.Build.0 = Release|Any CPU
		{CD56C9D0-E0E0-4544-A5BC-B2733AB93703}.Release|x64.ActiveCfg = Release|Any CPU
		{CD56C9D0-E0E0-4544-A5BC-B2733AB93703}.Release|x64.Build.0 = Release|Any CPU
		{CD56C9D0-E0E0-4544-A5BC-B2733AB93703}.Release|x86.ActiveCfg = Release|Any CPU
		{CD56C9D0-E0E0-4544-A5BC-B2733AB93703}.Release|x86.Build.0 = Release|Any CPU
		{3933AFC5-7DFC-481D-B6D9-AED1F2011029}.Debug|Any CPU.ActiveCfg = Debug|Any CPU
		{3933AFC5-7DFC-481D-B6D9-AED1F2011029}.Debug|Any CPU.Build.0 = Debug|Any CPU
		{3933AFC5-7DFC-481D-B6D9-AED1F2011029}.Debug|x64.ActiveCfg = Debug|Any CPU
		{3933AFC5-7DFC-481D-B6D9-AED1F2011029}.Debug|x64.Build.0 = Debug|Any CPU
		{3933AFC5-7DFC-481D-B6D9-AED1F2011029}.Debug|x86.ActiveCfg = Debug|Any CPU
		{3933AFC5-7DFC-481D-B6D9-AED1F2011029}.Debug|x86.Build.0 = Debug|Any CPU
		{3933AFC5-7DFC-481D-B6D9-AED1F2011029}.Release|Any CPU.ActiveCfg = Release|Any CPU
		{3933AFC5-7DFC-481D-B6D9-AED1F2011029}.Release|Any CPU.Build.0 = Release|Any CPU
		{3933AFC5-7DFC-481D-B6D9-AED1F2011029}.Release|x64.ActiveCfg = Release|Any CPU
		{3933AFC5-7DFC-481D-B6D9-AED1F2011029}.Release|x64.Build.0 = Release|Any CPU
		{3933AFC5-7DFC-481D-B6D9-AED1F2011029}.Release|x86.ActiveCfg = Release|Any CPU
		{3933AFC5-7DFC-481D-B6D9-AED1F2011029}.Release|x86.Build.0 = Release|Any CPU
		{F1CE9A17-ACA2-4D65-A1BA-B4DC691BEDAD}.Debug|Any CPU.ActiveCfg = Debug|Any CPU
		{F1CE9A17-ACA2-4D65-A1BA-B4DC691BEDAD}.Debug|Any CPU.Build.0 = Debug|Any CPU
		{F1CE9A17-ACA2-4D65-A1BA-B4DC691BEDAD}.Debug|x64.ActiveCfg = Debug|Any CPU
		{F1CE9A17-ACA2-4D65-A1BA-B4DC691BEDAD}.Debug|x64.Build.0 = Debug|Any CPU
		{F1CE9A17-ACA2-4D65-A1BA-B4DC691BEDAD}.Debug|x86.ActiveCfg = Debug|Any CPU
		{F1CE9A17-ACA2-4D65-A1BA-B4DC691BEDAD}.Debug|x86.Build.0 = Debug|Any CPU
		{F1CE9A17-ACA2-4D65-A1BA-B4DC691BEDAD}.Release|Any CPU.ActiveCfg = Release|Any CPU
		{F1CE9A17-ACA2-4D65-A1BA-B4DC691BEDAD}.Release|Any CPU.Build.0 = Release|Any CPU
		{F1CE9A17-ACA2-4D65-A1BA-B4DC691BEDAD}.Release|x64.ActiveCfg = Release|Any CPU
		{F1CE9A17-ACA2-4D65-A1BA-B4DC691BEDAD}.Release|x64.Build.0 = Release|Any CPU
		{F1CE9A17-ACA2-4D65-A1BA-B4DC691BEDAD}.Release|x86.ActiveCfg = Release|Any CPU
		{F1CE9A17-ACA2-4D65-A1BA-B4DC691BEDAD}.Release|x86.Build.0 = Release|Any CPU
		{64B4DC74-62E6-460B-99F7-667895C423E3}.Debug|Any CPU.ActiveCfg = Debug|Any CPU
		{64B4DC74-62E6-460B-99F7-667895C423E3}.Debug|Any CPU.Build.0 = Debug|Any CPU
		{64B4DC74-62E6-460B-99F7-667895C423E3}.Debug|x64.ActiveCfg = Debug|Any CPU
		{64B4DC74-62E6-460B-99F7-667895C423E3}.Debug|x64.Build.0 = Debug|Any CPU
		{64B4DC74-62E6-460B-99F7-667895C423E3}.Debug|x86.ActiveCfg = Debug|Any CPU
		{64B4DC74-62E6-460B-99F7-667895C423E3}.Debug|x86.Build.0 = Debug|Any CPU
		{64B4DC74-62E6-460B-99F7-667895C423E3}.Release|Any CPU.ActiveCfg = Release|Any CPU
		{64B4DC74-62E6-460B-99F7-667895C423E3}.Release|Any CPU.Build.0 = Release|Any CPU
		{64B4DC74-62E6-460B-99F7-667895C423E3}.Release|x64.ActiveCfg = Release|Any CPU
		{64B4DC74-62E6-460B-99F7-667895C423E3}.Release|x64.Build.0 = Release|Any CPU
		{64B4DC74-62E6-460B-99F7-667895C423E3}.Release|x86.ActiveCfg = Release|Any CPU
		{64B4DC74-62E6-460B-99F7-667895C423E3}.Release|x86.Build.0 = Release|Any CPU
		{4D3D6808-EBD6-48F0-8F2E-B42D2738C33E}.Debug|Any CPU.ActiveCfg = Debug|Any CPU
		{4D3D6808-EBD6-48F0-8F2E-B42D2738C33E}.Debug|Any CPU.Build.0 = Debug|Any CPU
		{4D3D6808-EBD6-48F0-8F2E-B42D2738C33E}.Debug|x64.ActiveCfg = Debug|Any CPU
		{4D3D6808-EBD6-48F0-8F2E-B42D2738C33E}.Debug|x64.Build.0 = Debug|Any CPU
		{4D3D6808-EBD6-48F0-8F2E-B42D2738C33E}.Debug|x86.ActiveCfg = Debug|Any CPU
		{4D3D6808-EBD6-48F0-8F2E-B42D2738C33E}.Debug|x86.Build.0 = Debug|Any CPU
		{4D3D6808-EBD6-48F0-8F2E-B42D2738C33E}.Release|Any CPU.ActiveCfg = Release|Any CPU
		{4D3D6808-EBD6-48F0-8F2E-B42D2738C33E}.Release|Any CPU.Build.0 = Release|Any CPU
		{4D3D6808-EBD6-48F0-8F2E-B42D2738C33E}.Release|x64.ActiveCfg = Release|Any CPU
		{4D3D6808-EBD6-48F0-8F2E-B42D2738C33E}.Release|x64.Build.0 = Release|Any CPU
		{4D3D6808-EBD6-48F0-8F2E-B42D2738C33E}.Release|x86.ActiveCfg = Release|Any CPU
		{4D3D6808-EBD6-48F0-8F2E-B42D2738C33E}.Release|x86.Build.0 = Release|Any CPU
		{29F70D2F-E3AB-4F37-A44E-127A6BAC31E9}.Debug|Any CPU.ActiveCfg = Debug|Any CPU
		{29F70D2F-E3AB-4F37-A44E-127A6BAC31E9}.Debug|Any CPU.Build.0 = Debug|Any CPU
		{29F70D2F-E3AB-4F37-A44E-127A6BAC31E9}.Debug|x64.ActiveCfg = Debug|Any CPU
		{29F70D2F-E3AB-4F37-A44E-127A6BAC31E9}.Debug|x64.Build.0 = Debug|Any CPU
		{29F70D2F-E3AB-4F37-A44E-127A6BAC31E9}.Debug|x86.ActiveCfg = Debug|Any CPU
		{29F70D2F-E3AB-4F37-A44E-127A6BAC31E9}.Debug|x86.Build.0 = Debug|Any CPU
		{29F70D2F-E3AB-4F37-A44E-127A6BAC31E9}.Release|Any CPU.ActiveCfg = Release|Any CPU
		{29F70D2F-E3AB-4F37-A44E-127A6BAC31E9}.Release|Any CPU.Build.0 = Release|Any CPU
		{29F70D2F-E3AB-4F37-A44E-127A6BAC31E9}.Release|x64.ActiveCfg = Release|Any CPU
		{29F70D2F-E3AB-4F37-A44E-127A6BAC31E9}.Release|x64.Build.0 = Release|Any CPU
		{29F70D2F-E3AB-4F37-A44E-127A6BAC31E9}.Release|x86.ActiveCfg = Release|Any CPU
		{29F70D2F-E3AB-4F37-A44E-127A6BAC31E9}.Release|x86.Build.0 = Release|Any CPU
		{A080A108-FC14-448E-A3B4-7E4C797B21DB}.Debug|Any CPU.ActiveCfg = Debug|Any CPU
		{A080A108-FC14-448E-A3B4-7E4C797B21DB}.Debug|Any CPU.Build.0 = Debug|Any CPU
		{A080A108-FC14-448E-A3B4-7E4C797B21DB}.Debug|x64.ActiveCfg = Debug|Any CPU
		{A080A108-FC14-448E-A3B4-7E4C797B21DB}.Debug|x64.Build.0 = Debug|Any CPU
		{A080A108-FC14-448E-A3B4-7E4C797B21DB}.Debug|x86.ActiveCfg = Debug|Any CPU
		{A080A108-FC14-448E-A3B4-7E4C797B21DB}.Debug|x86.Build.0 = Debug|Any CPU
		{A080A108-FC14-448E-A3B4-7E4C797B21DB}.Release|Any CPU.ActiveCfg = Release|Any CPU
		{A080A108-FC14-448E-A3B4-7E4C797B21DB}.Release|Any CPU.Build.0 = Release|Any CPU
		{A080A108-FC14-448E-A3B4-7E4C797B21DB}.Release|x64.ActiveCfg = Release|Any CPU
		{A080A108-FC14-448E-A3B4-7E4C797B21DB}.Release|x64.Build.0 = Release|Any CPU
		{A080A108-FC14-448E-A3B4-7E4C797B21DB}.Release|x86.ActiveCfg = Release|Any CPU
		{A080A108-FC14-448E-A3B4-7E4C797B21DB}.Release|x86.Build.0 = Release|Any CPU
		{8BA80234-A436-45A0-BA55-81DF2447C9FC}.Debug|Any CPU.ActiveCfg = Debug|Any CPU
		{8BA80234-A436-45A0-BA55-81DF2447C9FC}.Debug|Any CPU.Build.0 = Debug|Any CPU
		{8BA80234-A436-45A0-BA55-81DF2447C9FC}.Debug|x64.ActiveCfg = Debug|Any CPU
		{8BA80234-A436-45A0-BA55-81DF2447C9FC}.Debug|x64.Build.0 = Debug|Any CPU
		{8BA80234-A436-45A0-BA55-81DF2447C9FC}.Debug|x86.ActiveCfg = Debug|Any CPU
		{8BA80234-A436-45A0-BA55-81DF2447C9FC}.Debug|x86.Build.0 = Debug|Any CPU
		{8BA80234-A436-45A0-BA55-81DF2447C9FC}.Release|Any CPU.ActiveCfg = Release|Any CPU
		{8BA80234-A436-45A0-BA55-81DF2447C9FC}.Release|Any CPU.Build.0 = Release|Any CPU
		{8BA80234-A436-45A0-BA55-81DF2447C9FC}.Release|x64.ActiveCfg = Release|Any CPU
		{8BA80234-A436-45A0-BA55-81DF2447C9FC}.Release|x64.Build.0 = Release|Any CPU
		{8BA80234-A436-45A0-BA55-81DF2447C9FC}.Release|x86.ActiveCfg = Release|Any CPU
		{8BA80234-A436-45A0-BA55-81DF2447C9FC}.Release|x86.Build.0 = Release|Any CPU
		{33DE0E11-48B3-4C55-9CF8-FF8A7BFC3BC7}.Debug|Any CPU.ActiveCfg = Debug|Any CPU
		{33DE0E11-48B3-4C55-9CF8-FF8A7BFC3BC7}.Debug|Any CPU.Build.0 = Debug|Any CPU
		{33DE0E11-48B3-4C55-9CF8-FF8A7BFC3BC7}.Debug|x64.ActiveCfg = Debug|Any CPU
		{33DE0E11-48B3-4C55-9CF8-FF8A7BFC3BC7}.Debug|x64.Build.0 = Debug|Any CPU
		{33DE0E11-48B3-4C55-9CF8-FF8A7BFC3BC7}.Debug|x86.ActiveCfg = Debug|Any CPU
		{33DE0E11-48B3-4C55-9CF8-FF8A7BFC3BC7}.Debug|x86.Build.0 = Debug|Any CPU
		{33DE0E11-48B3-4C55-9CF8-FF8A7BFC3BC7}.Release|Any CPU.ActiveCfg = Release|Any CPU
		{33DE0E11-48B3-4C55-9CF8-FF8A7BFC3BC7}.Release|Any CPU.Build.0 = Release|Any CPU
		{33DE0E11-48B3-4C55-9CF8-FF8A7BFC3BC7}.Release|x64.ActiveCfg = Release|Any CPU
		{33DE0E11-48B3-4C55-9CF8-FF8A7BFC3BC7}.Release|x64.Build.0 = Release|Any CPU
		{33DE0E11-48B3-4C55-9CF8-FF8A7BFC3BC7}.Release|x86.ActiveCfg = Release|Any CPU
		{33DE0E11-48B3-4C55-9CF8-FF8A7BFC3BC7}.Release|x86.Build.0 = Release|Any CPU
		{27C8A39C-504A-45F2-82A4-BB0F53676419}.Debug|Any CPU.ActiveCfg = Debug|Any CPU
		{27C8A39C-504A-45F2-82A4-BB0F53676419}.Debug|Any CPU.Build.0 = Debug|Any CPU
		{27C8A39C-504A-45F2-82A4-BB0F53676419}.Debug|x64.ActiveCfg = Debug|Any CPU
		{27C8A39C-504A-45F2-82A4-BB0F53676419}.Debug|x64.Build.0 = Debug|Any CPU
		{27C8A39C-504A-45F2-82A4-BB0F53676419}.Debug|x86.ActiveCfg = Debug|Any CPU
		{27C8A39C-504A-45F2-82A4-BB0F53676419}.Debug|x86.Build.0 = Debug|Any CPU
		{27C8A39C-504A-45F2-82A4-BB0F53676419}.Release|Any CPU.ActiveCfg = Release|Any CPU
		{27C8A39C-504A-45F2-82A4-BB0F53676419}.Release|Any CPU.Build.0 = Release|Any CPU
		{27C8A39C-504A-45F2-82A4-BB0F53676419}.Release|x64.ActiveCfg = Release|Any CPU
		{27C8A39C-504A-45F2-82A4-BB0F53676419}.Release|x64.Build.0 = Release|Any CPU
		{27C8A39C-504A-45F2-82A4-BB0F53676419}.Release|x86.ActiveCfg = Release|Any CPU
		{27C8A39C-504A-45F2-82A4-BB0F53676419}.Release|x86.Build.0 = Release|Any CPU
		{89575525-91DE-42C6-9EDB-9B52868E2369}.Debug|Any CPU.ActiveCfg = Debug|Any CPU
		{89575525-91DE-42C6-9EDB-9B52868E2369}.Debug|Any CPU.Build.0 = Debug|Any CPU
		{89575525-91DE-42C6-9EDB-9B52868E2369}.Debug|x64.ActiveCfg = Debug|Any CPU
		{89575525-91DE-42C6-9EDB-9B52868E2369}.Debug|x64.Build.0 = Debug|Any CPU
		{89575525-91DE-42C6-9EDB-9B52868E2369}.Debug|x86.ActiveCfg = Debug|Any CPU
		{89575525-91DE-42C6-9EDB-9B52868E2369}.Debug|x86.Build.0 = Debug|Any CPU
		{89575525-91DE-42C6-9EDB-9B52868E2369}.Release|Any CPU.ActiveCfg = Release|Any CPU
		{89575525-91DE-42C6-9EDB-9B52868E2369}.Release|Any CPU.Build.0 = Release|Any CPU
		{89575525-91DE-42C6-9EDB-9B52868E2369}.Release|x64.ActiveCfg = Release|Any CPU
		{89575525-91DE-42C6-9EDB-9B52868E2369}.Release|x64.Build.0 = Release|Any CPU
		{89575525-91DE-42C6-9EDB-9B52868E2369}.Release|x86.ActiveCfg = Release|Any CPU
		{89575525-91DE-42C6-9EDB-9B52868E2369}.Release|x86.Build.0 = Release|Any CPU
		{89D403ED-07D9-4E56-A9E0-E3F43B3C120D}.Debug|Any CPU.ActiveCfg = Debug|Win32
		{89D403ED-07D9-4E56-A9E0-E3F43B3C120D}.Debug|x64.ActiveCfg = Debug|x64
		{89D403ED-07D9-4E56-A9E0-E3F43B3C120D}.Debug|x64.Build.0 = Debug|x64
		{89D403ED-07D9-4E56-A9E0-E3F43B3C120D}.Debug|x86.ActiveCfg = Debug|Win32
		{89D403ED-07D9-4E56-A9E0-E3F43B3C120D}.Debug|x86.Build.0 = Debug|Win32
		{89D403ED-07D9-4E56-A9E0-E3F43B3C120D}.Release|Any CPU.ActiveCfg = Release|Win32
		{89D403ED-07D9-4E56-A9E0-E3F43B3C120D}.Release|x64.ActiveCfg = Release|x64
		{89D403ED-07D9-4E56-A9E0-E3F43B3C120D}.Release|x64.Build.0 = Release|x64
		{89D403ED-07D9-4E56-A9E0-E3F43B3C120D}.Release|x86.ActiveCfg = Release|Win32
		{89D403ED-07D9-4E56-A9E0-E3F43B3C120D}.Release|x86.Build.0 = Release|Win32
	EndGlobalSection
	GlobalSection(SolutionProperties) = preSolution
		HideSolutionNode = FALSE
	EndGlobalSection
	GlobalSection(ExtensibilityGlobals) = postSolution
		SolutionGuid = {AB65F7CC-A270-4B6E-A8E0-A7EB15D15A11}
	EndGlobalSection
EndGlobal
